
Microsoft Visual Studio Solution File, Format Version 12.00
# Visual Studio 2013
VisualStudioVersion = 12.0.21005.1
MinimumVisualStudioVersion = 10.0.40219.1
Project("{202899A3-C531-4771-9089-0213D66978AE}") = "TestScopeApplication", "TestScopeApplication\TestScopeApplication.scopeproj", "{E74D21E2-DC39-42F0-AB90-53EDA22EC62C}"
EndProject
Global
	GlobalSection(SolutionConfigurationPlatforms) = preSolution
		Debug|Any CPU = Debug|Any CPU
		Release|Any CPU = Release|Any CPU
	EndGlobalSection
	GlobalSection(ProjectConfigurationPlatforms) = postSolution
		{E74D21E2-DC39-42F0-AB90-53EDA22EC62C}.Debug|Any CPU.ActiveCfg = Debug|Any CPU
		{E74D21E2-DC39-42F0-AB90-53EDA22EC62C}.Debug|Any CPU.Build.0 = Debug|Any CPU
		{E74D21E2-DC39-42F0-AB90-53EDA22EC62C}.Release|Any CPU.ActiveCfg = Release|Any CPU
		{E74D21E2-DC39-42F0-AB90-53EDA22EC62C}.Release|Any CPU.Build.0 = Release|Any CPU
	EndGlobalSection
	GlobalSection(SolutionProperties) = preSolution
		HideSolutionNode = FALSE
	EndGlobalSection
EndGlobal
