
Microsoft Visual Studio Solution File, Format Version 12.00
# Visual Studio 2013
VisualStudioVersion = 12.0.21005.1
MinimumVisualStudioVersion = 10.0.40219.1
Project("{202899A3-C531-4771-9089-0213D66978AE}") = "VMDistribution", "VMDistribution\VMDistribution.scopeproj", "{953BACE6-DA1C-4B9C-9BCE-031C7958A325}"
EndProject
Global
	GlobalSection(SolutionConfigurationPlatforms) = preSolution
		Debug|Any CPU = Debug|Any CPU
		Release|Any CPU = Release|Any CPU
	EndGlobalSection
	GlobalSection(ProjectConfigurationPlatforms) = postSolution
		{953BACE6-DA1C-4B9C-9BCE-031C7958A325}.Debug|Any CPU.ActiveCfg = Debug|Any CPU
		{953BACE6-DA1C-4B9C-9BCE-031C7958A325}.Debug|Any CPU.Build.0 = Debug|Any CPU
		{953BACE6-DA1C-4B9C-9BCE-031C7958A325}.Release|Any CPU.ActiveCfg = Release|Any CPU
		{953BACE6-DA1C-4B9C-9BCE-031C7958A325}.Release|Any CPU.Build.0 = Release|Any CPU
	EndGlobalSection
	GlobalSection(SolutionProperties) = preSolution
		HideSolutionNode = FALSE
	EndGlobalSection
EndGlobal
